
Microsoft Visual Studio Solution File, Format Version 12.00
Project("{FAE04EC0-301F-11D3-BF4B-00C04F79EFBC}") = "UNO", "UNO\UNO.csproj", "{DD9502B5-3FC3-4430-ACF2-F2D9A842B598}"
EndProject
Project("{FAE04EC0-301F-11D3-BF4B-00C04F79EFBC}") = "Menu", "Menu\Menu.csproj", "{461A6E7E-4773-41E7-B7A7-715A0A79C6C9}"
EndProject
Project("{FAE04EC0-301F-11D3-BF4B-00C04F79EFBC}") = "CardsEngine", "CardsEngine\CardsEngine.csproj", "{A7B5236B-54E8-4C02-A1E9-E59A7F233513}"
EndProject
Project("{FAE04EC0-301F-11D3-BF4B-00C04F79EFBC}") = "PlayerEngine", "PlayerEngine\PlayerEngine.csproj", "{2C47A826-03C2-4EF3-82B2-B06FF0F3BDE7}"
	ProjectSection(ProjectDependencies) = postProject
		{A7B5236B-54E8-4C02-A1E9-E59A7F233513} = {A7B5236B-54E8-4C02-A1E9-E59A7F233513}
		{DD9502B5-3FC3-4430-ACF2-F2D9A842B598} = {DD9502B5-3FC3-4430-ACF2-F2D9A842B598}
		{461A6E7E-4773-41E7-B7A7-715A0A79C6C9} = {461A6E7E-4773-41E7-B7A7-715A0A79C6C9}
	EndProjectSection
EndProject
Project("{FAE04EC0-301F-11D3-BF4B-00C04F79EFBC}") = "GameEngine", "GameEngine\GameEngine.csproj", "{9149B5DA-05F6-40CF-B0B3-3290C7E2B16B}"
	ProjectSection(ProjectDependencies) = postProject
		{2C47A826-03C2-4EF3-82B2-B06FF0F3BDE7} = {2C47A826-03C2-4EF3-82B2-B06FF0F3BDE7}
		{A7B5236B-54E8-4C02-A1E9-E59A7F233513} = {A7B5236B-54E8-4C02-A1E9-E59A7F233513}
		{461A6E7E-4773-41E7-B7A7-715A0A79C6C9} = {461A6E7E-4773-41E7-B7A7-715A0A79C6C9}
		{DD9502B5-3FC3-4430-ACF2-F2D9A842B598} = {DD9502B5-3FC3-4430-ACF2-F2D9A842B598}
	EndProjectSection
EndProject
Project("{FAE04EC0-301F-11D3-BF4B-00C04F79EFBC}") = "DAL", "DAL\DAL.csproj", "{3649E0E7-C0B0-4503-97E5-3982209CE8A8}"
EndProject
Project("{FAE04EC0-301F-11D3-BF4B-00C04F79EFBC}") = "JsonHelper", "JsonHelper\JsonHelper.csproj", "{D291E033-D428-4176-8E09-EEB077AF5C65}"
EndProject
Project("{FAE04EC0-301F-11D3-BF4B-00C04F79EFBC}") = "ConsoleUI", "ConsoleUI\ConsoleUI.csproj", "{C641DFCE-C729-4B71-9CCE-34B08F99287B}"
EndProject
Project("{FAE04EC0-301F-11D3-BF4B-00C04F79EFBC}") = "Domain", "Domain\Domain.csproj", "{0A2BBDC0-97D5-4FD6-9A12-41AD9A41D3E2}"
EndProject
Project("{FAE04EC0-301F-11D3-BF4B-00C04F79EFBC}") = "RazorPagesController", "RazorPagesController\RazorPagesController.csproj", "{C45467E6-46A3-4C67-BBCB-C132B1830BBF}"
EndProject
Project("{FAE04EC0-301F-11D3-BF4B-00C04F79EFBC}") = "HelperEnums", "HelperEnums\HelperEnums.csproj", "{1FD0A701-1810-4F2A-940A-3FBE0BBA461C}"
EndProject
Project("{FAE04EC0-301F-11D3-BF4B-00C04F79EFBC}") = "GameConfiguration", "GameConfiguration\GameConfiguration.csproj", "{4289B13F-A5BC-4C2B-A6DF-016A164ABDE6}"
EndProject
Project("{2150E333-8FDC-42A3-9474-1A3956D46DE8}") = "Solution items", "Solution items", "{92ED68ED-0A5A-42D9-9485-E2C4D017CFF5}"
	ProjectSection(SolutionItems) = preProject
		Directory.Build.props = Directory.Build.props
	EndProjectSection
EndProject
Global
	GlobalSection(SolutionConfigurationPlatforms) = preSolution
		Debug|Any CPU = Debug|Any CPU
		Release|Any CPU = Release|Any CPU
	EndGlobalSection
	GlobalSection(ProjectConfigurationPlatforms) = postSolution
		{DD9502B5-3FC3-4430-ACF2-F2D9A842B598}.Debug|Any CPU.ActiveCfg = Debug|Any CPU
		{DD9502B5-3FC3-4430-ACF2-F2D9A842B598}.Debug|Any CPU.Build.0 = Debug|Any CPU
		{DD9502B5-3FC3-4430-ACF2-F2D9A842B598}.Release|Any CPU.ActiveCfg = Release|Any CPU
		{DD9502B5-3FC3-4430-ACF2-F2D9A842B598}.Release|Any CPU.Build.0 = Release|Any CPU
		{461A6E7E-4773-41E7-B7A7-715A0A79C6C9}.Debug|Any CPU.ActiveCfg = Debug|Any CPU
		{461A6E7E-4773-41E7-B7A7-715A0A79C6C9}.Debug|Any CPU.Build.0 = Debug|Any CPU
		{461A6E7E-4773-41E7-B7A7-715A0A79C6C9}.Release|Any CPU.ActiveCfg = Release|Any CPU
		{461A6E7E-4773-41E7-B7A7-715A0A79C6C9}.Release|Any CPU.Build.0 = Release|Any CPU
		{A7B5236B-54E8-4C02-A1E9-E59A7F233513}.Debug|Any CPU.ActiveCfg = Debug|Any CPU
		{A7B5236B-54E8-4C02-A1E9-E59A7F233513}.Debug|Any CPU.Build.0 = Debug|Any CPU
		{A7B5236B-54E8-4C02-A1E9-E59A7F233513}.Release|Any CPU.ActiveCfg = Release|Any CPU
		{A7B5236B-54E8-4C02-A1E9-E59A7F233513}.Release|Any CPU.Build.0 = Release|Any CPU
		{2C47A826-03C2-4EF3-82B2-B06FF0F3BDE7}.Debug|Any CPU.ActiveCfg = Debug|Any CPU
		{2C47A826-03C2-4EF3-82B2-B06FF0F3BDE7}.Debug|Any CPU.Build.0 = Debug|Any CPU
		{2C47A826-03C2-4EF3-82B2-B06FF0F3BDE7}.Release|Any CPU.ActiveCfg = Release|Any CPU
		{2C47A826-03C2-4EF3-82B2-B06FF0F3BDE7}.Release|Any CPU.Build.0 = Release|Any CPU
		{9149B5DA-05F6-40CF-B0B3-3290C7E2B16B}.Debug|Any CPU.ActiveCfg = Debug|Any CPU
		{9149B5DA-05F6-40CF-B0B3-3290C7E2B16B}.Debug|Any CPU.Build.0 = Debug|Any CPU
		{9149B5DA-05F6-40CF-B0B3-3290C7E2B16B}.Release|Any CPU.ActiveCfg = Release|Any CPU
		{9149B5DA-05F6-40CF-B0B3-3290C7E2B16B}.Release|Any CPU.Build.0 = Release|Any CPU
		{3649E0E7-C0B0-4503-97E5-3982209CE8A8}.Debug|Any CPU.ActiveCfg = Debug|Any CPU
		{3649E0E7-C0B0-4503-97E5-3982209CE8A8}.Debug|Any CPU.Build.0 = Debug|Any CPU
		{3649E0E7-C0B0-4503-97E5-3982209CE8A8}.Release|Any CPU.ActiveCfg = Release|Any CPU
		{3649E0E7-C0B0-4503-97E5-3982209CE8A8}.Release|Any CPU.Build.0 = Release|Any CPU
		{D291E033-D428-4176-8E09-EEB077AF5C65}.Debug|Any CPU.ActiveCfg = Debug|Any CPU
		{D291E033-D428-4176-8E09-EEB077AF5C65}.Debug|Any CPU.Build.0 = Debug|Any CPU
		{D291E033-D428-4176-8E09-EEB077AF5C65}.Release|Any CPU.ActiveCfg = Release|Any CPU
		{D291E033-D428-4176-8E09-EEB077AF5C65}.Release|Any CPU.Build.0 = Release|Any CPU
		{C641DFCE-C729-4B71-9CCE-34B08F99287B}.Debug|Any CPU.ActiveCfg = Debug|Any CPU
		{C641DFCE-C729-4B71-9CCE-34B08F99287B}.Debug|Any CPU.Build.0 = Debug|Any CPU
		{C641DFCE-C729-4B71-9CCE-34B08F99287B}.Release|Any CPU.ActiveCfg = Release|Any CPU
		{C641DFCE-C729-4B71-9CCE-34B08F99287B}.Release|Any CPU.Build.0 = Release|Any CPU
		{0A2BBDC0-97D5-4FD6-9A12-41AD9A41D3E2}.Debug|Any CPU.ActiveCfg = Debug|Any CPU
		{0A2BBDC0-97D5-4FD6-9A12-41AD9A41D3E2}.Debug|Any CPU.Build.0 = Debug|Any CPU
		{0A2BBDC0-97D5-4FD6-9A12-41AD9A41D3E2}.Release|Any CPU.ActiveCfg = Release|Any CPU
		{0A2BBDC0-97D5-4FD6-9A12-41AD9A41D3E2}.Release|Any CPU.Build.0 = Release|Any CPU
		{C45467E6-46A3-4C67-BBCB-C132B1830BBF}.Debug|Any CPU.ActiveCfg = Debug|Any CPU
		{C45467E6-46A3-4C67-BBCB-C132B1830BBF}.Debug|Any CPU.Build.0 = Debug|Any CPU
		{C45467E6-46A3-4C67-BBCB-C132B1830BBF}.Release|Any CPU.ActiveCfg = Release|Any CPU
		{C45467E6-46A3-4C67-BBCB-C132B1830BBF}.Release|Any CPU.Build.0 = Release|Any CPU
		{1FD0A701-1810-4F2A-940A-3FBE0BBA461C}.Debug|Any CPU.ActiveCfg = Debug|Any CPU
		{1FD0A701-1810-4F2A-940A-3FBE0BBA461C}.Debug|Any CPU.Build.0 = Debug|Any CPU
		{1FD0A701-1810-4F2A-940A-3FBE0BBA461C}.Release|Any CPU.ActiveCfg = Release|Any CPU
		{1FD0A701-1810-4F2A-940A-3FBE0BBA461C}.Release|Any CPU.Build.0 = Release|Any CPU
		{4289B13F-A5BC-4C2B-A6DF-016A164ABDE6}.Debug|Any CPU.ActiveCfg = Debug|Any CPU
		{4289B13F-A5BC-4C2B-A6DF-016A164ABDE6}.Debug|Any CPU.Build.0 = Debug|Any CPU
		{4289B13F-A5BC-4C2B-A6DF-016A164ABDE6}.Release|Any CPU.ActiveCfg = Release|Any CPU
		{4289B13F-A5BC-4C2B-A6DF-016A164ABDE6}.Release|Any CPU.Build.0 = Release|Any CPU
	EndGlobalSection
EndGlobal
